// !$*UTF8*$!
{
	archiveVersion = 1;
	classes = {
	};
	objectVersion = 77;
	objects = {

/* Begin PBXBuildFile section */
		B06147DD2F4B1D7C0023CD84 /* AppDelegate.swift in Sources */ = {isa = PBXBuildFile; fileRef = B06147DC2F4B1D7C0023CD84 /* AppDelegate.swift */; };
		B06147DF2F4B1D7C0023CD84 /* SceneDelegate.swift in Sources */ = {isa = PBXBuildFile; fileRef = B06147DE2F4B1D7C0023CD84 /* SceneDelegate.swift */; };
		B06147E22F4B1D7C0023CD84 /* LaunchScreen.storyboard in Resources */ = {isa = PBXBuildFile; fileRef = B06147E02F4B1D7C0023CD84 /* LaunchScreen.storyboard */; };
		B06147E52F4B1D7C0023CD84 /* Main.storyboard in Resources */ = {isa = PBXBuildFile; fileRef = B06147E32F4B1D7C0023CD84 /* Main.storyboard */; };
		B06147EE2F4B1D7C0023CD84 /* AppDelegate.swift in Sources */ = {isa = PBXBuildFile; fileRef = B06147ED2F4B1D7C0023CD84 /* AppDelegate.swift */; };
		B06147F12F4B1D7C0023CD84 /* Main.storyboard in Resources */ = {isa = PBXBuildFile; fileRef = B06147EF2F4B1D7C0023CD84 /* Main.storyboard */; };
		B06147F82F4B1D7C0023CD84 /* Save Button Extension.appex in Embed Foundation Extensions */ = {isa = PBXBuildFile; fileRef = B06147F72F4B1D7C0023CD84 /* Save Button Extension.appex */; settings = {ATTRIBUTES = (RemoveHeadersOnCopy, ); }; };
		B06148022F4B1D7C0023CD84 /* Save Button Extension.appex in Embed Foundation Extensions */ = {isa = PBXBuildFile; fileRef = B06148012F4B1D7C0023CD84 /* Save Button Extension.appex */; settings = {ATTRIBUTES = (RemoveHeadersOnCopy, ); }; };
		B06148072F4B1D7C0023CD84 /* Main.html in Resources */ = {isa = PBXBuildFile; fileRef = B06147CC2F4B1D790023CD84 /* Main.html */; };
		B06148082F4B1D7C0023CD84 /* Main.html in Resources */ = {isa = PBXBuildFile; fileRef = B06147CC2F4B1D790023CD84 /* Main.html */; };
		B06148092F4B1D7C0023CD84 /* Icon.png in Resources */ = {isa = PBXBuildFile; fileRef = B06147CE2F4B1D790023CD84 /* Icon.png */; };
		B061480A2F4B1D7C0023CD84 /* Icon.png in Resources */ = {isa = PBXBuildFile; fileRef = B06147CE2F4B1D790023CD84 /* Icon.png */; };
		B061480B2F4B1D7C0023CD84 /* Style.css in Resources */ = {isa = PBXBuildFile; fileRef = B06147CF2F4B1D790023CD84 /* Style.css */; };
		B061480C2F4B1D7C0023CD84 /* Style.css in Resources */ = {isa = PBXBuildFile; fileRef = B06147CF2F4B1D790023CD84 /* Style.css */; };
		B061480D2F4B1D7C0023CD84 /* Script.js in Resources */ = {isa = PBXBuildFile; fileRef = B06147D02F4B1D790023CD84 /* Script.js */; };
		B061480E2F4B1D7C0023CD84 /* Script.js in Resources */ = {isa = PBXBuildFile; fileRef = B06147D02F4B1D790023CD84 /* Script.js */; };
		B061480F2F4B1D7C0023CD84 /* ViewController.swift in Sources */ = {isa = PBXBuildFile; fileRef = B06147D12F4B1D790023CD84 /* ViewController.swift */; };
		B06148102F4B1D7C0023CD84 /* ViewController.swift in Sources */ = {isa = PBXBuildFile; fileRef = B06147D12F4B1D790023CD84 /* ViewController.swift */; };
		B06148112F4B1D7C0023CD84 /* Assets.xcassets in Resources */ = {isa = PBXBuildFile; fileRef = B06147D22F4B1D7C0023CD84 /* Assets.xcassets */; };
		B06148122F4B1D7C0023CD84 /* Assets.xcassets in Resources */ = {isa = PBXBuildFile; fileRef = B06147D22F4B1D7C0023CD84 /* Assets.xcassets */; };
		B06148132F4B1D7C0023CD84 /* SafariWebExtensionHandler.swift in Sources */ = {isa = PBXBuildFile; fileRef = B06147D42F4B1D7C0023CD84 /* SafariWebExtensionHandler.swift */; };
		B06148142F4B1D7C0023CD84 /* SafariWebExtensionHandler.swift in Sources */ = {isa = PBXBuildFile; fileRef = B06147D42F4B1D7C0023CD84 /* SafariWebExtensionHandler.swift */; };
		B061482D2F4B1D7D0023CD84 /* background.js in Resources */ = {isa = PBXBuildFile; fileRef = B06148262F4B1D7D0023CD84 /* background.js */; };
		B061482E2F4B1D7D0023CD84 /* popup.html in Resources */ = {isa = PBXBuildFile; fileRef = B06148272F4B1D7D0023CD84 /* popup.html */; };
		B061482F2F4B1D7D0023CD84 /* chunks in Resources */ = {isa = PBXBuildFile; fileRef = B06148282F4B1D7D0023CD84 /* chunks */; };
		B06148302F4B1D7D0023CD84 /* manifest.json in Resources */ = {isa = PBXBuildFile; fileRef = B06148292F4B1D7D0023CD84 /* manifest.json */; };
		B06148312F4B1D7D0023CD84 /* options.html in Resources */ = {isa = PBXBuildFile; fileRef = B061482A2F4B1D7D0023CD84 /* options.html */; };
		B06148322F4B1D7D0023CD84 /* icon in Resources */ = {isa = PBXBuildFile; fileRef = B061482B2F4B1D7D0023CD84 /* icon */; };
		B06148332F4B1D7D0023CD84 /* assets in Resources */ = {isa = PBXBuildFile; fileRef = B061482C2F4B1D7D0023CD84 /* assets */; };
		B06148342F4B1D7D0023CD84 /* background.js in Resources */ = {isa = PBXBuildFile; fileRef = B06148262F4B1D7D0023CD84 /* background.js */; };
		B06148352F4B1D7D0023CD84 /* popup.html in Resources */ = {isa = PBXBuildFile; fileRef = B06148272F4B1D7D0023CD84 /* popup.html */; };
		B06148362F4B1D7D0023CD84 /* chunks in Resources */ = {isa = PBXBuildFile; fileRef = B06148282F4B1D7D0023CD84 /* chunks */; };
		B06148372F4B1D7D0023CD84 /* manifest.json in Resources */ = {isa = PBXBuildFile; fileRef = B06148292F4B1D7D0023CD84 /* manifest.json */; };
		B06148382F4B1D7D0023CD84 /* options.html in Resources */ = {isa = PBXBuildFile; fileRef = B061482A2F4B1D7D0023CD84 /* options.html */; };
		B06148392F4B1D7D0023CD84 /* icon in Resources */ = {isa = PBXBuildFile; fileRef = B061482B2F4B1D7D0023CD84 /* icon */; };
		B061483A2F4B1D7D0023CD84 /* assets in Resources */ = {isa = PBXBuildFile; fileRef = B061482C2F4B1D7D0023CD84 /* assets */; };
/* End PBXBuildFile section */

/* Begin PBXContainerItemProxy section */
		B06147F92F4B1D7C0023CD84 /* PBXContainerItemProxy */ = {
			isa = PBXContainerItemProxy;
			containerPortal = B06147C62F4B1D790023CD84 /* Project object */;
			proxyType = 1;
			remoteGlobalIDString = B06147F62F4B1D7C0023CD84;
			remoteInfo = "Save Button Extension (iOS)";
		};
		B06148032F4B1D7C0023CD84 /* PBXContainerItemProxy */ = {
			isa = PBXContainerItemProxy;
			containerPortal = B06147C62F4B1D790023CD84 /* Project object */;
			proxyType = 1;
			remoteGlobalIDString = B06148002F4B1D7C0023CD84;
			remoteInfo = "Save Button Extension (macOS)";
		};
/* End PBXContainerItemProxy section */

/* Begin PBXCopyFilesBuildPhase section */
		B061481A2F4B1D7C0023CD84 /* Embed Foundation Extensions */ = {
			isa = PBXCopyFilesBuildPhase;
			buildActionMask = 2147483647;
			dstPath = "";
			dstSubfolderSpec = 13;
			files = (
				B06147F82F4B1D7C0023CD84 /* Save Button Extension.appex in Embed Foundation Extensions */,
			);
			name = "Embed Foundation Extensions";
			runOnlyForDeploymentPostprocessing = 0;
		};
		B06148212F4B1D7C0023CD84 /* Embed Foundation Extensions */ = {
			isa = PBXCopyFilesBuildPhase;
			buildActionMask = 2147483647;
			dstPath = "";
			dstSubfolderSpec = 13;
			files = (
				B06148022F4B1D7C0023CD84 /* Save Button Extension.appex in Embed Foundation Extensions */,
			);
			name = "Embed Foundation Extensions";
			runOnlyForDeploymentPostprocessing = 0;
		};
/* End PBXCopyFilesBuildPhase section */

/* Begin PBXFileReference section */
		B00163562F4B78C1006B6D0D /* Save Button (iOS).entitlements */ = {isa = PBXFileReference; lastKnownFileType = text.plist.entitlements; path = "Save Button (iOS).entitlements"; sourceTree = "<group>"; };
		B00163572F4B7FCE006B6D0D /* Save Button (macOS).entitlements */ = {isa = PBXFileReference; lastKnownFileType = text.plist.entitlements; path = "Save Button (macOS).entitlements"; sourceTree = "<group>"; };
		B00163582F4B7FF5006B6D0D /* Save Button Extension (iOS).entitlements */ = {isa = PBXFileReference; lastKnownFileType = text.plist.entitlements; path = "Save Button Extension (iOS).entitlements"; sourceTree = "<group>"; };
		B00163592F4B800C006B6D0D /* Save Button Extension (macOS).entitlements */ = {isa = PBXFileReference; lastKnownFileType = text.plist.entitlements; path = "Save Button Extension (macOS).entitlements"; sourceTree = "<group>"; };
		B06147CD2F4B1D790023CD84 /* Base */ = {isa = PBXFileReference; lastKnownFileType = text.html; name = Base; path = Base.lproj/Main.html; sourceTree = "<group>"; };
		B06147CE2F4B1D790023CD84 /* Icon.png */ = {isa = PBXFileReference; lastKnownFileType = image.png; path = Icon.png; sourceTree = "<group>"; };
		B06147CF2F4B1D790023CD84 /* Style.css */ = {isa = PBXFileReference; lastKnownFileType = text.css; path = Style.css; sourceTree = "<group>"; };
		B06147D02F4B1D790023CD84 /* Script.js */ = {isa = PBXFileReference; lastKnownFileType = sourcecode.javascript; path = Script.js; sourceTree = "<group>"; };
		B06147D12F4B1D790023CD84 /* ViewController.swift */ = {isa = PBXFileReference; lastKnownFileType = sourcecode.swift; path = ViewController.swift; sourceTree = "<group>"; };
		B06147D22F4B1D7C0023CD84 /* Assets.xcassets */ = {isa = PBXFileReference; lastKnownFileType = folder.assetcatalog; path = Assets.xcassets; sourceTree = "<group>"; };
		B06147D42F4B1D7C0023CD84 /* SafariWebExtensionHandler.swift */ = {isa = PBXFileReference; lastKnownFileType = sourcecode.swift; path = SafariWebExtensionHandler.swift; sourceTree = "<group>"; };
		B06147D92F4B1D7C0023CD84 /* Save Button.app */ = {isa = PBXFileReference; explicitFileType = wrapper.application; includeInIndex = 0; path = "Save Button.app"; sourceTree = BUILT_PRODUCTS_DIR; };
		B06147DC2F4B1D7C0023CD84 /* AppDelegate.swift */ = {isa = PBXFileReference; lastKnownFileType = sourcecode.swift; path = AppDelegate.swift; sourceTree = "<group>"; };
		B06147DE2F4B1D7C0023CD84 /* SceneDelegate.swift */ = {isa = PBXFileReference; lastKnownFileType = sourcecode.swift; path = SceneDelegate.swift; sourceTree = "<group>"; };
		B06147E12F4B1D7C0023CD84 /* Base */ = {isa = PBXFileReference; lastKnownFileType = file.storyboard; name = Base; path = Base.lproj/LaunchScreen.storyboard; sourceTree = "<group>"; };
		B06147E42F4B1D7C0023CD84 /* Base */ = {isa = PBXFileReference; lastKnownFileType = file.storyboard; name = Base; path = Base.lproj/Main.storyboard; sourceTree = "<group>"; };
		B06147E62F4B1D7C0023CD84 /* Info.plist */ = {isa = PBXFileReference; lastKnownFileType = text.plist.xml; path = Info.plist; sourceTree = "<group>"; };
		B06147EB2F4B1D7C0023CD84 /* Save Button.app */ = {isa = PBXFileReference; explicitFileType = wrapper.application; includeInIndex = 0; path = "Save Button.app"; sourceTree = BUILT_PRODUCTS_DIR; };
		B06147ED2F4B1D7C0023CD84 /* AppDelegate.swift */ = {isa = PBXFileReference; lastKnownFileType = sourcecode.swift; path = AppDelegate.swift; sourceTree = "<group>"; };
		B06147F02F4B1D7C0023CD84 /* Base */ = {isa = PBXFileReference; lastKnownFileType = file.storyboard; name = Base; path = Base.lproj/Main.storyboard; sourceTree = "<group>"; };
		B06147F22F4B1D7C0023CD84 /* Info.plist */ = {isa = PBXFileReference; lastKnownFileType = text.plist.xml; path = Info.plist; sourceTree = "<group>"; };
		B06147F72F4B1D7C0023CD84 /* Save Button Extension.appex */ = {isa = PBXFileReference; explicitFileType = "wrapper.app-extension"; includeInIndex = 0; path = "Save Button Extension.appex"; sourceTree = BUILT_PRODUCTS_DIR; };
		B06147FC2F4B1D7C0023CD84 /* Info.plist */ = {isa = PBXFileReference; lastKnownFileType = text.plist.xml; path = Info.plist; sourceTree = "<group>"; };
		B06148012F4B1D7C0023CD84 /* Save Button Extension.appex */ = {isa = PBXFileReference; explicitFileType = "wrapper.app-extension"; includeInIndex = 0; path = "Save Button Extension.appex"; sourceTree = BUILT_PRODUCTS_DIR; };
		B06148062F4B1D7C0023CD84 /* Info.plist */ = {isa = PBXFileReference; lastKnownFileType = text.plist.xml; path = Info.plist; sourceTree = "<group>"; };
		B06148262F4B1D7D0023CD84 /* background.js */ = {isa = PBXFileReference; lastKnownFileType = sourcecode.javascript; name = background.js; path = "../../../extension/.output/safari-mv2/background.js"; sourceTree = "<group>"; };
		B06148272F4B1D7D0023CD84 /* popup.html */ = {isa = PBXFileReference; lastKnownFileType = text.html; name = popup.html; path = "../../../extension/.output/safari-mv2/popup.html"; sourceTree = "<group>"; };
		B06148282F4B1D7D0023CD84 /* chunks */ = {isa = PBXFileReference; lastKnownFileType = folder; name = chunks; path = "../../../extension/.output/safari-mv2/chunks"; sourceTree = "<group>"; };
		B06148292F4B1D7D0023CD84 /* manifest.json */ = {isa = PBXFileReference; lastKnownFileType = text.json; name = manifest.json; path = "../../../extension/.output/safari-mv2/manifest.json"; sourceTree = "<group>"; };
		B061482A2F4B1D7D0023CD84 /* options.html */ = {isa = PBXFileReference; lastKnownFileType = text.html; name = options.html; path = "../../../extension/.output/safari-mv2/options.html"; sourceTree = "<group>"; };
		B061482B2F4B1D7D0023CD84 /* icon */ = {isa = PBXFileReference; lastKnownFileType = folder; name = icon; path = "../../../extension/.output/safari-mv2/icon"; sourceTree = "<group>"; };
		B061482C2F4B1D7D0023CD84 /* assets */ = {isa = PBXFileReference; lastKnownFileType = folder; name = assets; path = "../../../extension/.output/safari-mv2/assets"; sourceTree = "<group>"; };
/* End PBXFileReference section */

/* Begin PBXFrameworksBuildPhase section */
		B06147D62F4B1D7C0023CD84 /* Frameworks */ = {
			isa = PBXFrameworksBuildPhase;
			buildActionMask = 2147483647;
			files = (
			);
			runOnlyForDeploymentPostprocessing = 0;
		};
		B06147E82F4B1D7C0023CD84 /* Frameworks */ = {
			isa = PBXFrameworksBuildPhase;
			buildActionMask = 2147483647;
			files = (
			);
			runOnlyForDeploymentPostprocessing = 0;
		};
		B06147F42F4B1D7C0023CD84 /* Frameworks */ = {
			isa = PBXFrameworksBuildPhase;
			buildActionMask = 2147483647;
			files = (
			);
			runOnlyForDeploymentPostprocessing = 0;
		};
		B06147FE2F4B1D7C0023CD84 /* Frameworks */ = {
			isa = PBXFrameworksBuildPhase;
			buildActionMask = 2147483647;
			files = (
			);
			runOnlyForDeploymentPostprocessing = 0;
		};
/* End PBXFrameworksBuildPhase section */

/* Begin PBXGroup section */
		B06147C52F4B1D790023CD84 = {
			isa = PBXGroup;
			children = (
				B00163592F4B800C006B6D0D /* Save Button Extension (macOS).entitlements */,
				B00163582F4B7FF5006B6D0D /* Save Button Extension (iOS).entitlements */,
				B00163572F4B7FCE006B6D0D /* Save Button (macOS).entitlements */,
				B00163562F4B78C1006B6D0D /* Save Button (iOS).entitlements */,
				B06147CA2F4B1D790023CD84 /* Shared (App) */,
				B06147D32F4B1D7C0023CD84 /* Shared (Extension) */,
				B06147DB2F4B1D7C0023CD84 /* iOS (App) */,
				B06147EC2F4B1D7C0023CD84 /* macOS (App) */,
				B06147FB2F4B1D7C0023CD84 /* iOS (Extension) */,
				B06148052F4B1D7C0023CD84 /* macOS (Extension) */,
				B06147DA2F4B1D7C0023CD84 /* Products */,
			);
			sourceTree = "<group>";
		};
		B06147CA2F4B1D790023CD84 /* Shared (App) */ = {
			isa = PBXGroup;
			children = (
				B06147D12F4B1D790023CD84 /* ViewController.swift */,
				B06147D22F4B1D7C0023CD84 /* Assets.xcassets */,
				B06147CB2F4B1D790023CD84 /* Resources */,
			);
			path = "Shared (App)";
			sourceTree = "<group>";
		};
		B06147CB2F4B1D790023CD84 /* Resources */ = {
			isa = PBXGroup;
			children = (
				B06147CC2F4B1D790023CD84 /* Main.html */,
				B06147CE2F4B1D790023CD84 /* Icon.png */,
				B06147CF2F4B1D790023CD84 /* Style.css */,
				B06147D02F4B1D790023CD84 /* Script.js */,
			);
			path = Resources;
			sourceTree = "<group>";
		};
		B06147D32F4B1D7C0023CD84 /* Shared (Extension) */ = {
			isa = PBXGroup;
			children = (
				B06148252F4B1D7D0023CD84 /* Resources */,
				B06147D42F4B1D7C0023CD84 /* SafariWebExtensionHandler.swift */,
			);
			path = "Shared (Extension)";
			sourceTree = "<group>";
		};
		B06147DA2F4B1D7C0023CD84 /* Products */ = {
			isa = PBXGroup;
			children = (
				B06147D92F4B1D7C0023CD84 /* Save Button.app */,
				B06147EB2F4B1D7C0023CD84 /* Save Button.app */,
				B06147F72F4B1D7C0023CD84 /* Save Button Extension.appex */,
				B06148012F4B1D7C0023CD84 /* Save Button Extension.appex */,
			);
			name = Products;
			sourceTree = "<group>";
		};
		B06147DB2F4B1D7C0023CD84 /* iOS (App) */ = {
			isa = PBXGroup;
			children = (
				B06147DC2F4B1D7C0023CD84 /* AppDelegate.swift */,
				B06147DE2F4B1D7C0023CD84 /* SceneDelegate.swift */,
				B06147E02F4B1D7C0023CD84 /* LaunchScreen.storyboard */,
				B06147E32F4B1D7C0023CD84 /* Main.storyboard */,
				B06147E62F4B1D7C0023CD84 /* Info.plist */,
			);
			path = "iOS (App)";
			sourceTree = "<group>";
		};
		B06147EC2F4B1D7C0023CD84 /* macOS (App) */ = {
			isa = PBXGroup;
			children = (
				B06147ED2F4B1D7C0023CD84 /* AppDelegate.swift */,
				B06147EF2F4B1D7C0023CD84 /* Main.storyboard */,
				B06147F22F4B1D7C0023CD84 /* Info.plist */,
			);
			path = "macOS (App)";
			sourceTree = "<group>";
		};
		B06147FB2F4B1D7C0023CD84 /* iOS (Extension) */ = {
			isa = PBXGroup;
			children = (
				B06147FC2F4B1D7C0023CD84 /* Info.plist */,
			);
			path = "iOS (Extension)";
			sourceTree = "<group>";
		};
		B06148052F4B1D7C0023CD84 /* macOS (Extension) */ = {
			isa = PBXGroup;
			children = (
				B06148062F4B1D7C0023CD84 /* Info.plist */,
			);
			path = "macOS (Extension)";
			sourceTree = "<group>";
		};
		B06148252F4B1D7D0023CD84 /* Resources */ = {
			isa = PBXGroup;
			children = (
				B06148262F4B1D7D0023CD84 /* background.js */,
				B06148272F4B1D7D0023CD84 /* popup.html */,
				B06148282F4B1D7D0023CD84 /* chunks */,
				B06148292F4B1D7D0023CD84 /* manifest.json */,
				B061482A2F4B1D7D0023CD84 /* options.html */,
				B061482B2F4B1D7D0023CD84 /* icon */,
				B061482C2F4B1D7D0023CD84 /* assets */,
			);
			name = Resources;
			path = "Shared (Extension)";
			sourceTree = SOURCE_ROOT;
		};
/* End PBXGroup section */

/* Begin PBXNativeTarget section */
		B06147D82F4B1D7C0023CD84 /* Save Button (iOS) */ = {
			isa = PBXNativeTarget;
			buildConfigurationList = B061481B2F4B1D7C0023CD84 /* Build configuration list for PBXNativeTarget "Save Button (iOS)" */;
			buildPhases = (
				B06147D52F4B1D7C0023CD84 /* Sources */,
				B06147D62F4B1D7C0023CD84 /* Frameworks */,
				B06147D72F4B1D7C0023CD84 /* Resources */,
				B061481A2F4B1D7C0023CD84 /* Embed Foundation Extensions */,
			);
			buildRules = (
			);
			dependencies = (
				B06147FA2F4B1D7C0023CD84 /* PBXTargetDependency */,
			);
			name = "Save Button (iOS)";
			packageProductDependencies = (
			);
			productName = "Save Button (iOS)";
			productReference = B06147D92F4B1D7C0023CD84 /* Save Button.app */;
			productType = "com.apple.product-type.application";
		};
		B06147EA2F4B1D7C0023CD84 /* Save Button (macOS) */ = {
			isa = PBXNativeTarget;
			buildConfigurationList = B06148222F4B1D7C0023CD84 /* Build configuration list for PBXNativeTarget "Save Button (macOS)" */;
			buildPhases = (
				B06147E72F4B1D7C0023CD84 /* Sources */,
				B06147E82F4B1D7C0023CD84 /* Frameworks */,
				B06147E92F4B1D7C0023CD84 /* Resources */,
				B06148212F4B1D7C0023CD84 /* Embed Foundation Extensions */,
			);
			buildRules = (
			);
			dependencies = (
				B06148042F4B1D7C0023CD84 /* PBXTargetDependency */,
			);
			name = "Save Button (macOS)";
			packageProductDependencies = (
			);
			productName = "Save Button (macOS)";
			productReference = B06147EB2F4B1D7C0023CD84 /* Save Button.app */;
			productType = "com.apple.product-type.application";
		};
		B06147F62F4B1D7C0023CD84 /* Save Button Extension (iOS) */ = {
			isa = PBXNativeTarget;
			buildConfigurationList = B06148172F4B1D7C0023CD84 /* Build configuration list for PBXNativeTarget "Save Button Extension (iOS)" */;
			buildPhases = (
				B06147F32F4B1D7C0023CD84 /* Sources */,
				B06147F42F4B1D7C0023CD84 /* Frameworks */,
				B06147F52F4B1D7C0023CD84 /* Resources */,
			);
			buildRules = (
			);
			dependencies = (
			);
			name = "Save Button Extension (iOS)";
			packageProductDependencies = (
			);
			productName = "Save Button Extension (iOS)";
			productReference = B06147F72F4B1D7C0023CD84 /* Save Button Extension.appex */;
			productType = "com.apple.product-type.app-extension";
		};
		B06148002F4B1D7C0023CD84 /* Save Button Extension (macOS) */ = {
			isa = PBXNativeTarget;
			buildConfigurationList = B061481E2F4B1D7C0023CD84 /* Build configuration list for PBXNativeTarget "Save Button Extension (macOS)" */;
			buildPhases = (
				B06147FD2F4B1D7C0023CD84 /* Sources */,
				B06147FE2F4B1D7C0023CD84 /* Frameworks */,
				B06147FF2F4B1D7C0023CD84 /* Resources */,
			);
			buildRules = (
			);
			dependencies = (
			);
			name = "Save Button Extension (macOS)";
			packageProductDependencies = (
			);
			productName = "Save Button Extension (macOS)";
			productReference = B06148012F4B1D7C0023CD84 /* Save Button Extension.appex */;
			productType = "com.apple.product-type.app-extension";
		};
/* End PBXNativeTarget section */

/* Begin PBXProject section */
		B06147C62F4B1D790023CD84 /* Project object */ = {
			isa = PBXProject;
			attributes = {
				BuildIndependentTargetsInParallel = 1;
				LastSwiftUpdateCheck = 2620;
				LastUpgradeCheck = 2620;
				TargetAttributes = {
					B06147D82F4B1D7C0023CD84 = {
						CreatedOnToolsVersion = 26.2;
					};
					B06147EA2F4B1D7C0023CD84 = {
						CreatedOnToolsVersion = 26.2;
					};
					B06147F62F4B1D7C0023CD84 = {
						CreatedOnToolsVersion = 26.2;
					};
					B06148002F4B1D7C0023CD84 = {
						CreatedOnToolsVersion = 26.2;
					};
				};
			};
			buildConfigurationList = B06147C92F4B1D790023CD84 /* Build configuration list for PBXProject "Save Button" */;
			developmentRegion = en;
			hasScannedForEncodings = 0;
			knownRegions = (
				en,
				Base,
			);
			mainGroup = B06147C52F4B1D790023CD84;
			minimizedProjectReferenceProxies = 1;
			preferredProjectObjectVersion = 77;
			productRefGroup = B06147DA2F4B1D7C0023CD84 /* Products */;
			projectDirPath = "";
			projectRoot = "";
			targets = (
				B06147D82F4B1D7C0023CD84 /* Save Button (iOS) */,
				B06147EA2F4B1D7C0023CD84 /* Save Button (macOS) */,
				B06147F62F4B1D7C0023CD84 /* Save Button Extension (iOS) */,
				B06148002F4B1D7C0023CD84 /* Save Button Extension (macOS) */,
			);
		};
/* End PBXProject section */

/* Begin PBXResourcesBuildPhase section */
		B06147D72F4B1D7C0023CD84 /* Resources */ = {
			isa = PBXResourcesBuildPhase;
			buildActionMask = 2147483647;
			files = (
				B06148092F4B1D7C0023CD84 /* Icon.png in Resources */,
				B06147E22F4B1D7C0023CD84 /* LaunchScreen.storyboard in Resources */,
				B06148072F4B1D7C0023CD84 /* Main.html in Resources */,
				B061480D2F4B1D7C0023CD84 /* Script.js in Resources */,
				B06148112F4B1D7C0023CD84 /* Assets.xcassets in Resources */,
				B06147E52F4B1D7C0023CD84 /* Main.storyboard in Resources */,
				B061480B2F4B1D7C0023CD84 /* Style.css in Resources */,
			);
			runOnlyForDeploymentPostprocessing = 0;
		};
		B06147E92F4B1D7C0023CD84 /* Resources */ = {
			isa = PBXResourcesBuildPhase;
			buildActionMask = 2147483647;
			files = (
				B061480A2F4B1D7C0023CD84 /* Icon.png in Resources */,
				B061480C2F4B1D7C0023CD84 /* Style.css in Resources */,
				B06147F12F4B1D7C0023CD84 /* Main.storyboard in Resources */,
				B061480E2F4B1D7C0023CD84 /* Script.js in Resources */,
				B06148122F4B1D7C0023CD84 /* Assets.xcassets in Resources */,
				B06148082F4B1D7C0023CD84 /* Main.html in Resources */,
			);
			runOnlyForDeploymentPostprocessing = 0;
		};
		B06147F52F4B1D7C0023CD84 /* Resources */ = {
			isa = PBXResourcesBuildPhase;
			buildActionMask = 2147483647;
			files = (
				B06148372F4B1D7D0023CD84 /* manifest.json in Resources */,
				B06148392F4B1D7D0023CD84 /* icon in Resources */,
				B061483A2F4B1D7D0023CD84 /* assets in Resources */,
				B06148362F4B1D7D0023CD84 /* chunks in Resources */,
				B06148382F4B1D7D0023CD84 /* options.html in Resources */,
				B06148342F4B1D7D0023CD84 /* background.js in Resources */,
				B06148352F4B1D7D0023CD84 /* popup.html in Resources */,
			);
			runOnlyForDeploymentPostprocessing = 0;
		};
		B06147FF2F4B1D7C0023CD84 /* Resources */ = {
			isa = PBXResourcesBuildPhase;
			buildActionMask = 2147483647;
			files = (
				B06148302F4B1D7D0023CD84 /* manifest.json in Resources */,
				B06148322F4B1D7D0023CD84 /* icon in Resources */,
				B06148332F4B1D7D0023CD84 /* assets in Resources */,
				B061482F2F4B1D7D0023CD84 /* chunks in Resources */,
				B06148312F4B1D7D0023CD84 /* options.html in Resources */,
				B061482D2F4B1D7D0023CD84 /* background.js in Resources */,
				B061482E2F4B1D7D0023CD84 /* popup.html in Resources */,
			);
			runOnlyForDeploymentPostprocessing = 0;
		};
/* End PBXResourcesBuildPhase section */

/* Begin PBXSourcesBuildPhase section */
		B06147D52F4B1D7C0023CD84 /* Sources */ = {
			isa = PBXSourcesBuildPhase;
			buildActionMask = 2147483647;
			files = (
				B061480F2F4B1D7C0023CD84 /* ViewController.swift in Sources */,
				B06147DD2F4B1D7C0023CD84 /* AppDelegate.swift in Sources */,
				B06147DF2F4B1D7C0023CD84 /* SceneDelegate.swift in Sources */,
			);
			runOnlyForDeploymentPostprocessing = 0;
		};
		B06147E72F4B1D7C0023CD84 /* Sources */ = {
			isa = PBXSourcesBuildPhase;
			buildActionMask = 2147483647;
			files = (
				B06148102F4B1D7C0023CD84 /* ViewController.swift in Sources */,
				B06147EE2F4B1D7C0023CD84 /* AppDelegate.swift in Sources */,
			);
			runOnlyForDeploymentPostprocessing = 0;
		};
		B06147F32F4B1D7C0023CD84 /* Sources */ = {
			isa = PBXSourcesBuildPhase;
			buildActionMask = 2147483647;
			files = (
				B06148132F4B1D7C0023CD84 /* SafariWebExtensionHandler.swift in Sources */,
			);
			runOnlyForDeploymentPostprocessing = 0;
		};
		B06147FD2F4B1D7C0023CD84 /* Sources */ = {
			isa = PBXSourcesBuildPhase;
			buildActionMask = 2147483647;
			files = (
				B06148142F4B1D7C0023CD84 /* SafariWebExtensionHandler.swift in Sources */,
			);
			runOnlyForDeploymentPostprocessing = 0;
		};
/* End PBXSourcesBuildPhase section */

/* Begin PBXTargetDependency section */
		B06147FA2F4B1D7C0023CD84 /* PBXTargetDependency */ = {
			isa = PBXTargetDependency;
			target = B06147F62F4B1D7C0023CD84 /* Save Button Extension (iOS) */;
			targetProxy = B06147F92F4B1D7C0023CD84 /* PBXContainerItemProxy */;
		};
		B06148042F4B1D7C0023CD84 /* PBXTargetDependency */ = {
			isa = PBXTargetDependency;
			target = B06148002F4B1D7C0023CD84 /* Save Button Extension (macOS) */;
			targetProxy = B06148032F4B1D7C0023CD84 /* PBXContainerItemProxy */;
		};
/* End PBXTargetDependency section */

/* Begin PBXVariantGroup section */
		B06147CC2F4B1D790023CD84 /* Main.html */ = {
			isa = PBXVariantGroup;
			children = (
				B06147CD2F4B1D790023CD84 /* Base */,
			);
			name = Main.html;
			sourceTree = "<group>";
		};
		B06147E02F4B1D7C0023CD84 /* LaunchScreen.storyboard */ = {
			isa = PBXVariantGroup;
			children = (
				B06147E12F4B1D7C0023CD84 /* Base */,
			);
			name = LaunchScreen.storyboard;
			sourceTree = "<group>";
		};
		B06147E32F4B1D7C0023CD84 /* Main.storyboard */ = {
			isa = PBXVariantGroup;
			children = (
				B06147E42F4B1D7C0023CD84 /* Base */,
			);
			name = Main.storyboard;
			sourceTree = "<group>";
		};
		B06147EF2F4B1D7C0023CD84 /* Main.storyboard */ = {
			isa = PBXVariantGroup;
			children = (
				B06147F02F4B1D7C0023CD84 /* Base */,
			);
			name = Main.storyboard;
			sourceTree = "<group>";
		};
/* End PBXVariantGroup section */

/* Begin XCBuildConfiguration section */
		B06148152F4B1D7C0023CD84 /* Debug */ = {
			isa = XCBuildConfiguration;
			buildSettings = {
				ALWAYS_SEARCH_USER_PATHS = NO;
				ASSETCATALOG_COMPILER_GENERATE_SWIFT_ASSET_SYMBOL_EXTENSIONS = YES;
				CLANG_ANALYZER_NONNULL = YES;
				CLANG_ANALYZER_NUMBER_OBJECT_CONVERSION = YES_AGGRESSIVE;
				CLANG_CXX_LANGUAGE_STANDARD = "gnu++20";
				CLANG_ENABLE_MODULES = YES;
				CLANG_ENABLE_OBJC_ARC = YES;
				CLANG_ENABLE_OBJC_WEAK = YES;
				CLANG_WARN_BLOCK_CAPTURE_AUTORELEASING = YES;
				CLANG_WARN_BOOL_CONVERSION = YES;
				CLANG_WARN_COMMA = YES;
				CLANG_WARN_CONSTANT_CONVERSION = YES;
				CLANG_WARN_DEPRECATED_OBJC_IMPLEMENTATIONS = YES;
				CLANG_WARN_DIRECT_OBJC_ISA_USAGE = YES_ERROR;
				CLANG_WARN_DOCUMENTATION_COMMENTS = YES;
				CLANG_WARN_EMPTY_BODY = YES;
				CLANG_WARN_ENUM_CONVERSION = YES;
				CLANG_WARN_INFINITE_RECURSION = YES;
				CLANG_WARN_INT_CONVERSION = YES;
				CLANG_WARN_NON_LITERAL_NULL_CONVERSION = YES;
				CLANG_WARN_OBJC_IMPLICIT_RETAIN_SELF = YES;
				CLANG_WARN_OBJC_LITERAL_CONVERSION = YES;
				CLANG_WARN_OBJC_ROOT_CLASS = YES_ERROR;
				CLANG_WARN_QUOTED_INCLUDE_IN_FRAMEWORK_HEADER = YES;
				CLANG_WARN_RANGE_LOOP_ANALYSIS = YES;
				CLANG_WARN_STRICT_PROTOTYPES = YES;
				CLANG_WARN_SUSPICIOUS_MOVE = YES;
				CLANG_WARN_UNGUARDED_AVAILABILITY = YES_AGGRESSIVE;
				CLANG_WARN_UNREACHABLE_CODE = YES;
				CLANG_WARN__DUPLICATE_METHOD_MATCH = YES;
				COPY_PHASE_STRIP = NO;
				DEBUG_INFORMATION_FORMAT = dwarf;
				ENABLE_STRICT_OBJC_MSGSEND = YES;
				ENABLE_TESTABILITY = YES;
				ENABLE_USER_SCRIPT_SANDBOXING = YES;
				GCC_C_LANGUAGE_STANDARD = gnu17;
				GCC_DYNAMIC_NO_PIC = NO;
				GCC_NO_COMMON_BLOCKS = YES;
				GCC_OPTIMIZATION_LEVEL = 0;
				GCC_PREPROCESSOR_DEFINITIONS = (
					"DEBUG=1",
					"$(inherited)",
				);
				GCC_WARN_64_TO_32_BIT_CONVERSION = YES;
				GCC_WARN_ABOUT_RETURN_TYPE = YES_ERROR;
				GCC_WARN_UNDECLARED_SELECTOR = YES;
				GCC_WARN_UNINITIALIZED_AUTOS = YES_AGGRESSIVE;
				GCC_WARN_UNUSED_FUNCTION = YES;
				GCC_WARN_UNUSED_VARIABLE = YES;
				LOCALIZATION_PREFERS_STRING_CATALOGS = YES;
				MTL_ENABLE_DEBUG_INFO = INCLUDE_SOURCE;
				MTL_FAST_MATH = YES;
				ONLY_ACTIVE_ARCH = YES;
				SWIFT_ACTIVE_COMPILATION_CONDITIONS = "DEBUG $(inherited)";
				SWIFT_OPTIMIZATION_LEVEL = "-Onone";
			};
			name = Debug;
		};
		B06148162F4B1D7C0023CD84 /* Release */ = {
			isa = XCBuildConfiguration;
			buildSettings = {
				ALWAYS_SEARCH_USER_PATHS = NO;
				ASSETCATALOG_COMPILER_GENERATE_SWIFT_ASSET_SYMBOL_EXTENSIONS = YES;
				CLANG_ANALYZER_NONNULL = YES;
				CLANG_ANALYZER_NUMBER_OBJECT_CONVERSION = YES_AGGRESSIVE;
				CLANG_CXX_LANGUAGE_STANDARD = "gnu++20";
				CLANG_ENABLE_MODULES = YES;
				CLANG_ENABLE_OBJC_ARC = YES;
				CLANG_ENABLE_OBJC_WEAK = YES;
				CLANG_WARN_BLOCK_CAPTURE_AUTORELEASING = YES;
				CLANG_WARN_BOOL_CONVERSION = YES;
				CLANG_WARN_COMMA = YES;
				CLANG_WARN_CONSTANT_CONVERSION = YES;
				CLANG_WARN_DEPRECATED_OBJC_IMPLEMENTATIONS = YES;
				CLANG_WARN_DIRECT_OBJC_ISA_USAGE = YES_ERROR;
				CLANG_WARN_DOCUMENTATION_COMMENTS = YES;
				CLANG_WARN_EMPTY_BODY = YES;
				CLANG_WARN_ENUM_CONVERSION = YES;
				CLANG_WARN_INFINITE_RECURSION = YES;
				CLANG_WARN_INT_CONVERSION = YES;
				CLANG_WARN_NON_LITERAL_NULL_CONVERSION = YES;
				CLANG_WARN_OBJC_IMPLICIT_RETAIN_SELF = YES;
				CLANG_WARN_OBJC_LITERAL_CONVERSION = YES;
				CLANG_WARN_OBJC_ROOT_CLASS = YES_ERROR;
				CLANG_WARN_QUOTED_INCLUDE_IN_FRAMEWORK_HEADER = YES;
				CLANG_WARN_RANGE_LOOP_ANALYSIS = YES;
				CLANG_WARN_STRICT_PROTOTYPES = YES;
				CLANG_WARN_SUSPICIOUS_MOVE = YES;
				CLANG_WARN_UNGUARDED_AVAILABILITY = YES_AGGRESSIVE;
				CLANG_WARN_UNREACHABLE_CODE = YES;
				CLANG_WARN__DUPLICATE_METHOD_MATCH = YES;
				COPY_PHASE_STRIP = NO;
				DEBUG_INFORMATION_FORMAT = "dwarf-with-dsym";
				ENABLE_NS_ASSERTIONS = NO;
				ENABLE_STRICT_OBJC_MSGSEND = YES;
				ENABLE_USER_SCRIPT_SANDBOXING = YES;
				GCC_C_LANGUAGE_STANDARD = gnu17;
				GCC_NO_COMMON_BLOCKS = YES;
				GCC_WARN_64_TO_32_BIT_CONVERSION = YES;
				GCC_WARN_ABOUT_RETURN_TYPE = YES_ERROR;
				GCC_WARN_UNDECLARED_SELECTOR = YES;
				GCC_WARN_UNINITIALIZED_AUTOS = YES_AGGRESSIVE;
				GCC_WARN_UNUSED_FUNCTION = YES;
				GCC_WARN_UNUSED_VARIABLE = YES;
				LOCALIZATION_PREFERS_STRING_CATALOGS = YES;
				MTL_ENABLE_DEBUG_INFO = NO;
				MTL_FAST_MATH = YES;
				SWIFT_COMPILATION_MODE = wholemodule;
			};
			name = Release;
		};
		B06148182F4B1D7C0023CD84 /* Debug */ = {
			isa = XCBuildConfiguration;
			buildSettings = {
				CODE_SIGN_ENTITLEMENTS = "Save Button Extension (iOS).entitlements";
				CODE_SIGN_STYLE = Automatic;
				CURRENT_PROJECT_VERSION = 1.2.15;
				DEVELOPMENT_TEAM = FDPGS97G76;
				GENERATE_INFOPLIST_FILE = YES;
				INFOPLIST_FILE = "iOS (Extension)/Info.plist";
				INFOPLIST_KEY_CFBundleDisplayName = "Save Button Extension";
				INFOPLIST_KEY_NSHumanReadableCopyright = "";
				IPHONEOS_DEPLOYMENT_TARGET = 16.0;
				LD_RUNPATH_SEARCH_PATHS = (
					"$(inherited)",
					"@executable_path/Frameworks",
					"@executable_path/../../Frameworks",
				);
				MARKETING_VERSION = 1.2.15;
				OTHER_LDFLAGS = (
					"-framework",
					SafariServices,
				);
				PRODUCT_BUNDLE_IDENTIFIER = org.savebutton.safari.Extension;
				PRODUCT_NAME = "Save Button Extension";
				SDKROOT = iphoneos;
				SKIP_INSTALL = YES;
				STRING_CATALOG_GENERATE_SYMBOLS = YES;
				SWIFT_APPROACHABLE_CONCURRENCY = YES;
				SWIFT_EMIT_LOC_STRINGS = YES;
				SWIFT_UPCOMING_FEATURE_MEMBER_IMPORT_VISIBILITY = YES;
				SWIFT_VERSION = 5.0;
				TARGETED_DEVICE_FAMILY = "1,2";
			};
			name = Debug;
		};
		B06148192F4B1D7C0023CD84 /* Release */ = {
			isa = XCBuildConfiguration;
			buildSettings = {
				CODE_SIGN_ENTITLEMENTS = "Save Button Extension (iOS).entitlements";
				CODE_SIGN_STYLE = Automatic;
				CURRENT_PROJECT_VERSION = 1.2.15;
				DEVELOPMENT_TEAM = FDPGS97G76;
				GENERATE_INFOPLIST_FILE = YES;
				INFOPLIST_FILE = "iOS (Extension)/Info.plist";
				INFOPLIST_KEY_CFBundleDisplayName = "Save Button Extension";
				INFOPLIST_KEY_NSHumanReadableCopyright = "";
				IPHONEOS_DEPLOYMENT_TARGET = 16.0;
				LD_RUNPATH_SEARCH_PATHS = (
					"$(inherited)",
					"@executable_path/Frameworks",
					"@executable_path/../../Frameworks",
				);
				MARKETING_VERSION = 1.2.15;
				OTHER_LDFLAGS = (
					"-framework",
					SafariServices,
				);
				PRODUCT_BUNDLE_IDENTIFIER = org.savebutton.safari.Extension;
				PRODUCT_NAME = "Save Button Extension";
				SDKROOT = iphoneos;
				SKIP_INSTALL = YES;
				STRING_CATALOG_GENERATE_SYMBOLS = YES;
				SWIFT_APPROACHABLE_CONCURRENCY = YES;
				SWIFT_EMIT_LOC_STRINGS = YES;
				SWIFT_UPCOMING_FEATURE_MEMBER_IMPORT_VISIBILITY = YES;
				SWIFT_VERSION = 5.0;
				TARGETED_DEVICE_FAMILY = "1,2";
				VALIDATE_PRODUCT = YES;
			};
			name = Release;
		};
		B061481C2F4B1D7C0023CD84 /* Debug */ = {
			isa = XCBuildConfiguration;
			buildSettings = {
				ASSETCATALOG_COMPILER_APPICON_NAME = AppIcon;
				ASSETCATALOG_COMPILER_GLOBAL_ACCENT_COLOR_NAME = AccentColor;
				CODE_SIGN_ENTITLEMENTS = "Save Button (iOS).entitlements";
				CODE_SIGN_STYLE = Automatic;
				CURRENT_PROJECT_VERSION = 1.2.15;
				DEVELOPMENT_TEAM = FDPGS97G76;
				GENERATE_INFOPLIST_FILE = YES;
				INFOPLIST_FILE = "iOS (App)/Info.plist";
				INFOPLIST_KEY_CFBundleDisplayName = "Save Button for Safari";
				INFOPLIST_KEY_LSApplicationCategoryType = "public.app-category.productivity";
				INFOPLIST_KEY_UIApplicationSupportsIndirectInputEvents = YES;
				INFOPLIST_KEY_UILaunchStoryboardName = LaunchScreen;
				INFOPLIST_KEY_UIMainStoryboardFile = Main;
				INFOPLIST_KEY_UISupportedInterfaceOrientations = "UIInterfaceOrientationPortrait UIInterfaceOrientationLandscapeLeft UIInterfaceOrientationLandscapeRight";
				INFOPLIST_KEY_UISupportedInterfaceOrientations_iPad = "UIInterfaceOrientationPortrait UIInterfaceOrientationPortraitUpsideDown UIInterfaceOrientationLandscapeLeft UIInterfaceOrientationLandscapeRight";
				IPHONEOS_DEPLOYMENT_TARGET = 16.0;
				LD_RUNPATH_SEARCH_PATHS = (
					"$(inherited)",
					"@executable_path/Frameworks",
				);
				MARKETING_VERSION = 1.2.15;
				OTHER_LDFLAGS = (
					"-framework",
					SafariServices,
					"-framework",
					WebKit,
				);
				PRODUCT_BUNDLE_IDENTIFIER = org.savebutton.safari;
				PRODUCT_NAME = "Save Button for Safari";
				SDKROOT = iphoneos;
				STRING_CATALOG_GENERATE_SYMBOLS = YES;
				SUPPORTED_PLATFORMS = "iphoneos iphonesimulator";
				SUPPORTS_MACCATALYST = NO;
				SUPPORTS_XR_DESIGNED_FOR_IPHONE_IPAD = NO;
				SWIFT_APPROACHABLE_CONCURRENCY = YES;
				SWIFT_DEFAULT_ACTOR_ISOLATION = MainActor;
				SWIFT_EMIT_LOC_STRINGS = YES;
				SWIFT_UPCOMING_FEATURE_MEMBER_IMPORT_VISIBILITY = YES;
				SWIFT_VERSION = 5.0;
				TARGETED_DEVICE_FAMILY = "1,2";
			};
			name = Debug;
		};
		B061481D2F4B1D7C0023CD84 /* Release */ = {
			isa = XCBuildConfiguration;
			buildSettings = {
				ASSETCATALOG_COMPILER_APPICON_NAME = AppIcon;
				ASSETCATALOG_COMPILER_GLOBAL_ACCENT_COLOR_NAME = AccentColor;
				CODE_SIGN_ENTITLEMENTS = "Save Button (iOS).entitlements";
				CODE_SIGN_STYLE = Automatic;
				CURRENT_PROJECT_VERSION = 1.2.15;
				DEVELOPMENT_TEAM = FDPGS97G76;
				GENERATE_INFOPLIST_FILE = YES;
				INFOPLIST_FILE = "iOS (App)/Info.plist";
				INFOPLIST_KEY_CFBundleDisplayName = "Save Button for Safari";
				INFOPLIST_KEY_LSApplicationCategoryType = "public.app-category.productivity";
				INFOPLIST_KEY_UIApplicationSupportsIndirectInputEvents = YES;
				INFOPLIST_KEY_UILaunchStoryboardName = LaunchScreen;
				INFOPLIST_KEY_UIMainStoryboardFile = Main;
				INFOPLIST_KEY_UISupportedInterfaceOrientations = "UIInterfaceOrientationPortrait UIInterfaceOrientationLandscapeLeft UIInterfaceOrientationLandscapeRight";
				INFOPLIST_KEY_UISupportedInterfaceOrientations_iPad = "UIInterfaceOrientationPortrait UIInterfaceOrientationPortraitUpsideDown UIInterfaceOrientationLandscapeLeft UIInterfaceOrientationLandscapeRight";
				IPHONEOS_DEPLOYMENT_TARGET = 16.0;
				LD_RUNPATH_SEARCH_PATHS = (
					"$(inherited)",
					"@executable_path/Frameworks",
				);
				MARKETING_VERSION = 1.2.15;
				OTHER_LDFLAGS = (
					"-framework",
					SafariServices,
					"-framework",
					WebKit,
				);
				PRODUCT_BUNDLE_IDENTIFIER = org.savebutton.safari;
				PRODUCT_NAME = "Save Button for Safari";
				SDKROOT = iphoneos;
				STRING_CATALOG_GENERATE_SYMBOLS = YES;
				SUPPORTED_PLATFORMS = "iphoneos iphonesimulator";
				SUPPORTS_MACCATALYST = NO;
				SUPPORTS_XR_DESIGNED_FOR_IPHONE_IPAD = NO;
				SWIFT_APPROACHABLE_CONCURRENCY = YES;
				SWIFT_DEFAULT_ACTOR_ISOLATION = MainActor;
				SWIFT_EMIT_LOC_STRINGS = YES;
				SWIFT_UPCOMING_FEATURE_MEMBER_IMPORT_VISIBILITY = YES;
				SWIFT_VERSION = 5.0;
				TARGETED_DEVICE_FAMILY = "1,2";
				VALIDATE_PRODUCT = YES;
			};
			name = Release;
		};
		B061481F2F4B1D7C0023CD84 /* Debug */ = {
			isa = XCBuildConfiguration;
			buildSettings = {
				CODE_SIGN_ENTITLEMENTS = "Save Button Extension (macOS).entitlements";
				CODE_SIGN_STYLE = Automatic;
				CURRENT_PROJECT_VERSION = 1.2.15;
				DEVELOPMENT_TEAM = FDPGS97G76;
				ENABLE_APP_SANDBOX = YES;
				ENABLE_HARDENED_RUNTIME = YES;
				ENABLE_USER_SELECTED_FILES = readonly;
				GENERATE_INFOPLIST_FILE = YES;
				INFOPLIST_FILE = "macOS (Extension)/Info.plist";
				INFOPLIST_KEY_CFBundleDisplayName = "Save Button Extension";
				INFOPLIST_KEY_NSHumanReadableCopyright = "";
				LD_RUNPATH_SEARCH_PATHS = (
					"$(inherited)",
					"@executable_path/../Frameworks",
					"@executable_path/../../../../Frameworks",
				);
				MACOSX_DEPLOYMENT_TARGET = 12.0;
				MARKETING_VERSION = 1.2.15;
				OTHER_LDFLAGS = (
					"-framework",
					SafariServices,
				);
				PRODUCT_BUNDLE_IDENTIFIER = org.savebutton.safari.Extension;
				PRODUCT_NAME = "Save Button Extension";
				REGISTER_APP_GROUPS = YES;
				SDKROOT = macosx;
				SKIP_INSTALL = YES;
				STRING_CATALOG_GENERATE_SYMBOLS = YES;
				SWIFT_APPROACHABLE_CONCURRENCY = YES;
				SWIFT_EMIT_LOC_STRINGS = YES;
				SWIFT_UPCOMING_FEATURE_MEMBER_IMPORT_VISIBILITY = YES;
				SWIFT_VERSION = 5.0;
			};
			name = Debug;
		};
		B06148202F4B1D7C0023CD84 /* Release */ = {
			isa = XCBuildConfiguration;
			buildSettings = {
				CODE_SIGN_ENTITLEMENTS = "Save Button Extension (macOS).entitlements";
				CODE_SIGN_STYLE = Automatic;
				CURRENT_PROJECT_VERSION = 1.2.15;
				DEVELOPMENT_TEAM = FDPGS97G76;
				ENABLE_APP_SANDBOX = YES;
				ENABLE_HARDENED_RUNTIME = YES;
				ENABLE_USER_SELECTED_FILES = readonly;
				GENERATE_INFOPLIST_FILE = YES;
				INFOPLIST_FILE = "macOS (Extension)/Info.plist";
				INFOPLIST_KEY_CFBundleDisplayName = "Save Button Extension";
				INFOPLIST_KEY_NSHumanReadableCopyright = "";
				LD_RUNPATH_SEARCH_PATHS = (
					"$(inherited)",
					"@executable_path/../Frameworks",
					"@executable_path/../../../../Frameworks",
				);
				MACOSX_DEPLOYMENT_TARGET = 12.0;
				MARKETING_VERSION = 1.2.15;
				OTHER_LDFLAGS = (
					"-framework",
					SafariServices,
				);
				PRODUCT_BUNDLE_IDENTIFIER = org.savebutton.safari.Extension;
				PRODUCT_NAME = "Save Button Extension";
				REGISTER_APP_GROUPS = YES;
				SDKROOT = macosx;
				SKIP_INSTALL = YES;
				STRING_CATALOG_GENERATE_SYMBOLS = YES;
				SWIFT_APPROACHABLE_CONCURRENCY = YES;
				SWIFT_EMIT_LOC_STRINGS = YES;
				SWIFT_UPCOMING_FEATURE_MEMBER_IMPORT_VISIBILITY = YES;
				SWIFT_VERSION = 5.0;
			};
			name = Release;
		};
		B06148232F4B1D7C0023CD84 /* Debug */ = {
			isa = XCBuildConfiguration;
			buildSettings = {
				ASSETCATALOG_COMPILER_APPICON_NAME = AppIcon;
				ASSETCATALOG_COMPILER_GLOBAL_ACCENT_COLOR_NAME = AccentColor;
				CODE_SIGN_ENTITLEMENTS = "Save Button (macOS).entitlements";
				CODE_SIGN_STYLE = Automatic;
				CURRENT_PROJECT_VERSION = 1.2.15;
				DEVELOPMENT_TEAM = FDPGS97G76;
				ENABLE_APP_SANDBOX = YES;
				ENABLE_HARDENED_RUNTIME = YES;
				ENABLE_OUTGOING_NETWORK_CONNECTIONS = YES;
				ENABLE_USER_SELECTED_FILES = readonly;
				GENERATE_INFOPLIST_FILE = YES;
				INFOPLIST_FILE = "macOS (App)/Info.plist";
				INFOPLIST_KEY_CFBundleDisplayName = "Save Button for Safari";
				INFOPLIST_KEY_LSApplicationCategoryType = "public.app-category.productivity";
				INFOPLIST_KEY_NSMainStoryboardFile = Main;
				INFOPLIST_KEY_NSPrincipalClass = NSApplication;
				LD_RUNPATH_SEARCH_PATHS = (
					"$(inherited)",
					"@executable_path/../Frameworks",
				);
				MACOSX_DEPLOYMENT_TARGET = 12.0;
				MARKETING_VERSION = 1.2.15;
				OTHER_LDFLAGS = (
					"-framework",
					SafariServices,
					"-framework",
					WebKit,
				);
				PRODUCT_BUNDLE_IDENTIFIER = org.savebutton.safari;
				PRODUCT_NAME = "Save Button for Safari";
				REGISTER_APP_GROUPS = YES;
				SDKROOT = macosx;
				STRING_CATALOG_GENERATE_SYMBOLS = YES;
				SWIFT_APPROACHABLE_CONCURRENCY = YES;
				SWIFT_DEFAULT_ACTOR_ISOLATION = MainActor;
				SWIFT_EMIT_LOC_STRINGS = YES;
				SWIFT_UPCOMING_FEATURE_MEMBER_IMPORT_VISIBILITY = YES;
				SWIFT_VERSION = 5.0;
			};
			name = Debug;
		};
		B06148242F4B1D7C0023CD84 /* Release */ = {
			isa = XCBuildConfiguration;
			buildSettings = {
				ASSETCATALOG_COMPILER_APPICON_NAME = AppIcon;
				ASSETCATALOG_COMPILER_GLOBAL_ACCENT_COLOR_NAME = AccentColor;
				CODE_SIGN_ENTITLEMENTS = "Save Button (macOS).entitlements";
				CODE_SIGN_STYLE = Automatic;
				CURRENT_PROJECT_VERSION = 1.2.15;
				DEVELOPMENT_TEAM = FDPGS97G76;
				ENABLE_APP_SANDBOX = YES;
				ENABLE_HARDENED_RUNTIME = YES;
				ENABLE_OUTGOING_NETWORK_CONNECTIONS = YES;
				ENABLE_USER_SELECTED_FILES = readonly;
				GENERATE_INFOPLIST_FILE = YES;
				INFOPLIST_FILE = "macOS (App)/Info.plist";
				INFOPLIST_KEY_CFBundleDisplayName = "Save Button for Safari";
				INFOPLIST_KEY_LSApplicationCategoryType = "public.app-category.productivity";
				INFOPLIST_KEY_NSMainStoryboardFile = Main;
				INFOPLIST_KEY_NSPrincipalClass = NSApplication;
				LD_RUNPATH_SEARCH_PATHS = (
					"$(inherited)",
					"@executable_path/../Frameworks",
				);
				MACOSX_DEPLOYMENT_TARGET = 12.0;
				MARKETING_VERSION = 1.2.15;
				OTHER_LDFLAGS = (
					"-framework",
					SafariServices,
					"-framework",
					WebKit,
				);
				PRODUCT_BUNDLE_IDENTIFIER = org.savebutton.safari;
				PRODUCT_NAME = "Save Button for Safari";
				REGISTER_APP_GROUPS = YES;
				SDKROOT = macosx;
				STRING_CATALOG_GENERATE_SYMBOLS = YES;
				SWIFT_APPROACHABLE_CONCURRENCY = YES;
				SWIFT_DEFAULT_ACTOR_ISOLATION = MainActor;
				SWIFT_EMIT_LOC_STRINGS = YES;
				SWIFT_UPCOMING_FEATURE_MEMBER_IMPORT_VISIBILITY = YES;
				SWIFT_VERSION = 5.0;
			};
			name = Release;
		};
/* End XCBuildConfiguration section */

/* Begin XCConfigurationList section */
		B06147C92F4B1D790023CD84 /* Build configuration list for PBXProject "Save Button" */ = {
			isa = XCConfigurationList;
			buildConfigurations = (
				B06148152F4B1D7C0023CD84 /* Debug */,
				B06148162F4B1D7C0023CD84 /* Release */,
			);
			defaultConfigurationIsVisible = 0;
			defaultConfigurationName = Release;
		};
		B06148172F4B1D7C0023CD84 /* Build configuration list for PBXNativeTarget "Save Button Extension (iOS)" */ = {
			isa = XCConfigurationList;
			buildConfigurations = (
				B06148182F4B1D7C0023CD84 /* Debug */,
				B06148192F4B1D7C0023CD84 /* Release */,
			);
			defaultConfigurationIsVisible = 0;
			defaultConfigurationName = Release;
		};
		B061481B2F4B1D7C0023CD84 /* Build configuration list for PBXNativeTarget "Save Button (iOS)" */ = {
			isa = XCConfigurationList;
			buildConfigurations = (
				B061481C2F4B1D7C0023CD84 /* Debug */,
				B061481D2F4B1D7C0023CD84 /* Release */,
			);
			defaultConfigurationIsVisible = 0;
			defaultConfigurationName = Release;
		};
		B061481E2F4B1D7C0023CD84 /* Build configuration list for PBXNativeTarget "Save Button Extension (macOS)" */ = {
			isa = XCConfigurationList;
			buildConfigurations = (
				B061481F2F4B1D7C0023CD84 /* Debug */,
				B06148202F4B1D7C0023CD84 /* Release */,
			);
			defaultConfigurationIsVisible = 0;
			defaultConfigurationName = Release;
		};
		B06148222F4B1D7C0023CD84 /* Build configuration list for PBXNativeTarget "Save Button (macOS)" */ = {
			isa = XCConfigurationList;
			buildConfigurations = (
				B06148232F4B1D7C0023CD84 /* Debug */,
				B06148242F4B1D7C0023CD84 /* Release */,
			);
			defaultConfigurationIsVisible = 0;
			defaultConfigurationName = Release;
		};
/* End XCConfigurationList section */
	};
	rootObject = B06147C62F4B1D790023CD84 /* Project object */;
}
